// !$*UTF8*$!
{
	archiveVersion = 1;
	classes = {
	};
	objectVersion = 56;
	objects = {

/* Begin PBXBuildFile section */
		DE4A1EDD2B50327600C198BC /* ApiServiceProtocol.swift in Sources */ = {isa = PBXBuildFile; fileRef = DE4A1EDC2B50327600C198BC /* ApiServiceProtocol.swift */; };
		DE5F53112B502CB40009C443 /* Post.swift in Sources */ = {isa = PBXBuildFile; fileRef = DE5F53102B502CB40009C443 /* Post.swift */; };
		DE5F53132B502CF40009C443 /* PostApiService.swift in Sources */ = {isa = PBXBuildFile; fileRef = DE5F53122B502CF40009C443 /* PostApiService.swift */; };
		DEC97CE42B4F60BA0059F398 /* DINetworkManagerApp.swift in Sources */ = {isa = PBXBuildFile; fileRef = DEC97CE32B4F60BA0059F398 /* DINetworkManagerApp.swift */; };
		DEC97CE62B4F60BA0059F398 /* ContentView.swift in Sources */ = {isa = PBXBuildFile; fileRef = DEC97CE52B4F60BA0059F398 /* ContentView.swift */; };
		DEC97CE82B4F60BB0059F398 /* Assets.xcassets in Resources */ = {isa = PBXBuildFile; fileRef = DEC97CE72B4F60BB0059F398 /* Assets.xcassets */; };
		DEC97CEB2B4F60BB0059F398 /* Preview Assets.xcassets in Resources */ = {isa = PBXBuildFile; fileRef = DEC97CEA2B4F60BB0059F398 /* Preview Assets.xcassets */; };
		DEC97CFD2B4F60E70059F398 /* Alamofire in Frameworks */ = {isa = PBXBuildFile; productRef = DEC97CFC2B4F60E70059F398 /* Alamofire */; };
		DEC97CFF2B4F61520059F398 /* UserListView.swift in Sources */ = {isa = PBXBuildFile; fileRef = DEC97CFE2B4F61520059F398 /* UserListView.swift */; };
		DEC97D012B4F615B0059F398 /* Contants.swift in Sources */ = {isa = PBXBuildFile; fileRef = DEC97D002B4F615B0059F398 /* Contants.swift */; };
		DEC97D032B4F61600059F398 /* AlamofireApiService.swift in Sources */ = {isa = PBXBuildFile; fileRef = DEC97D022B4F61600059F398 /* AlamofireApiService.swift */; };
		DEC97D052B4F61630059F398 /* UserApiService.swift in Sources */ = {isa = PBXBuildFile; fileRef = DEC97D042B4F61630059F398 /* UserApiService.swift */; };
		DEC97D072B4F61670059F398 /* URLSessionApiService.swift in Sources */ = {isa = PBXBuildFile; fileRef = DEC97D062B4F61670059F398 /* URLSessionApiService.swift */; };
		DEC97D092B4F616B0059F398 /* UserViewModel.swift in Sources */ = {isa = PBXBuildFile; fileRef = DEC97D082B4F616B0059F398 /* UserViewModel.swift */; };
		DEC97D0B2B4F616D0059F398 /* User.swift in Sources */ = {isa = PBXBuildFile; fileRef = DEC97D0A2B4F616D0059F398 /* User.swift */; };
/* End PBXBuildFile section */

/* Begin PBXFileReference section */
		DE4A1EDC2B50327600C198BC /* ApiServiceProtocol.swift */ = {isa = PBXFileReference; lastKnownFileType = sourcecode.swift; path = ApiServiceProtocol.swift; sourceTree = "<group>"; };
		DE5F53102B502CB40009C443 /* Post.swift */ = {isa = PBXFileReference; lastKnownFileType = sourcecode.swift; path = Post.swift; sourceTree = "<group>"; };
		DE5F53122B502CF40009C443 /* PostApiService.swift */ = {isa = PBXFileReference; lastKnownFileType = sourcecode.swift; path = PostApiService.swift; sourceTree = "<group>"; };
		DEC97CE02B4F60BA0059F398 /* DINetworkManager.app */ = {isa = PBXFileReference; explicitFileType = wrapper.application; includeInIndex = 0; path = DINetworkManager.app; sourceTree = BUILT_PRODUCTS_DIR; };
		DEC97CE32B4F60BA0059F398 /* DINetworkManagerApp.swift */ = {isa = PBXFileReference; lastKnownFileType = sourcecode.swift; path = DINetworkManagerApp.swift; sourceTree = "<group>"; };
		DEC97CE52B4F60BA0059F398 /* ContentView.swift */ = {isa = PBXFileReference; lastKnownFileType = sourcecode.swift; path = ContentView.swift; sourceTree = "<group>"; };
		DEC97CE72B4F60BB0059F398 /* Assets.xcassets */ = {isa = PBXFileReference; lastKnownFileType = folder.assetcatalog; path = Assets.xcassets; sourceTree = "<group>"; };
		DEC97CEA2B4F60BB0059F398 /* Preview Assets.xcassets */ = {isa = PBXFileReference; lastKnownFileType = folder.assetcatalog; path = "Preview Assets.xcassets"; sourceTree = "<group>"; };
		DEC97CFE2B4F61520059F398 /* UserListView.swift */ = {isa = PBXFileReference; lastKnownFileType = sourcecode.swift; path = UserListView.swift; sourceTree = "<group>"; };
		DEC97D002B4F615B0059F398 /* Contants.swift */ = {isa = PBXFileReference; lastKnownFileType = sourcecode.swift; path = Contants.swift; sourceTree = "<group>"; };
		DEC97D022B4F61600059F398 /* AlamofireApiService.swift */ = {isa = PBXFileReference; lastKnownFileType = sourcecode.swift; path = AlamofireApiService.swift; sourceTree = "<group>"; };
		DEC97D042B4F61630059F398 /* UserApiService.swift */ = {isa = PBXFileReference; lastKnownFileType = sourcecode.swift; path = UserApiService.swift; sourceTree = "<group>"; };
		DEC97D062B4F61670059F398 /* URLSessionApiService.swift */ = {isa = PBXFileReference; lastKnownFileType = sourcecode.swift; path = URLSessionApiService.swift; sourceTree = "<group>"; };
		DEC97D082B4F616B0059F398 /* UserViewModel.swift */ = {isa = PBXFileReference; lastKnownFileType = sourcecode.swift; path = UserViewModel.swift; sourceTree = "<group>"; };
		DEC97D0A2B4F616D0059F398 /* User.swift */ = {isa = PBXFileReference; lastKnownFileType = sourcecode.swift; path = User.swift; sourceTree = "<group>"; };
/* End PBXFileReference section */

/* Begin PBXFrameworksBuildPhase section */
		DEC97CDD2B4F60BA0059F398 /* Frameworks */ = {
			isa = PBXFrameworksBuildPhase;
			buildActionMask = 2147483647;
			files = (
				DEC97CFD2B4F60E70059F398 /* Alamofire in Frameworks */,
			);
			runOnlyForDeploymentPostprocessing = 0;
		};
/* End PBXFrameworksBuildPhase section */

/* Begin PBXGroup section */
		DE4A1EDB2B50326300C198BC /* Protocol */ = {
			isa = PBXGroup;
			children = (
				DE4A1EDC2B50327600C198BC /* ApiServiceProtocol.swift */,
			);
			path = Protocol;
			sourceTree = "<group>";
		};
		DE5F53092B50285A0009C443 /* Model */ = {
			isa = PBXGroup;
			children = (
				DEC97D0A2B4F616D0059F398 /* User.swift */,
				DE5F53102B502CB40009C443 /* Post.swift */,
			);
			path = Model;
			sourceTree = "<group>";
		};
		DE5F530A2B5028670009C443 /* View */ = {
			isa = PBXGroup;
			children = (
				DEC97CFE2B4F61520059F398 /* UserListView.swift */,
			);
			path = View;
			sourceTree = "<group>";
		};
		DE5F530B2B50286C0009C443 /* ViewModel */ = {
			isa = PBXGroup;
			children = (
				DEC97D082B4F616B0059F398 /* UserViewModel.swift */,
			);
			path = ViewModel;
			sourceTree = "<group>";
		};
		DE5F530C2B5028720009C443 /* Service */ = {
			isa = PBXGroup;
			children = (
				DE4A1EDB2B50326300C198BC /* Protocol */,
				DE5F530D2B5028810009C443 /* BaseService */,
				DEC97D042B4F61630059F398 /* UserApiService.swift */,
				DE5F53122B502CF40009C443 /* PostApiService.swift */,
			);
			path = Service;
			sourceTree = "<group>";
		};
		DE5F530D2B5028810009C443 /* BaseService */ = {
			isa = PBXGroup;
			children = (
				DEC97D022B4F61600059F398 /* AlamofireApiService.swift */,
				DEC97D062B4F61670059F398 /* URLSessionApiService.swift */,
			);
			path = BaseService;
			sourceTree = "<group>";
		};
		DE5F530E2B5029000009C443 /* Resources */ = {
			isa = PBXGroup;
			children = (
				DEC97CE72B4F60BB0059F398 /* Assets.xcassets */,
				DEC97CE92B4F60BB0059F398 /* Preview Content */,
			);
			path = Resources;
			sourceTree = "<group>";
		};
		DE5F530F2B50294F0009C443 /* Helpers */ = {
			isa = PBXGroup;
			children = (
				DEC97D002B4F615B0059F398 /* Contants.swift */,
			);
			path = Helpers;
			sourceTree = "<group>";
		};
		DEC97CD72B4F60BA0059F398 = {
			isa = PBXGroup;
			children = (
				DEC97CE22B4F60BA0059F398 /* DINetworkManager */,
				DEC97CE12B4F60BA0059F398 /* Products */,
			);
			sourceTree = "<group>";
		};
		DEC97CE12B4F60BA0059F398 /* Products */ = {
			isa = PBXGroup;
			children = (
				DEC97CE02B4F60BA0059F398 /* DINetworkManager.app */,
			);
			name = Products;
			sourceTree = "<group>";
		};
		DEC97CE22B4F60BA0059F398 /* DINetworkManager */ = {
			isa = PBXGroup;
			children = (
				DE5F53092B50285A0009C443 /* Model */,
				DE5F530A2B5028670009C443 /* View */,
				DE5F530B2B50286C0009C443 /* ViewModel */,
				DE5F530C2B5028720009C443 /* Service */,
				DE5F530F2B50294F0009C443 /* Helpers */,
				DE5F530E2B5029000009C443 /* Resources */,
				DEC97CE52B4F60BA0059F398 /* ContentView.swift */,
				DEC97CE32B4F60BA0059F398 /* DINetworkManagerApp.swift */,
			);
			path = DINetworkManager;
			sourceTree = "<group>";
		};
		DEC97CE92B4F60BB0059F398 /* Preview Content */ = {
			isa = PBXGroup;
			children = (
				DEC97CEA2B4F60BB0059F398 /* Preview Assets.xcassets */,
			);
			path = "Preview Content";
			sourceTree = "<group>";
		};
/* End PBXGroup section */

/* Begin PBXNativeTarget section */
		DEC97CDF2B4F60BA0059F398 /* DINetworkManager */ = {
			isa = PBXNativeTarget;
			buildConfigurationList = DEC97CEE2B4F60BB0059F398 /* Build configuration list for PBXNativeTarget "DINetworkManager" */;
			buildPhases = (
				DEC97CDC2B4F60BA0059F398 /* Sources */,
				DEC97CDD2B4F60BA0059F398 /* Frameworks */,
				DEC97CDE2B4F60BA0059F398 /* Resources */,
			);
			buildRules = (
			);
			dependencies = (
			);
			name = DINetworkManager;
			packageProductDependencies = (
				DEC97CFC2B4F60E70059F398 /* Alamofire */,
			);
			productName = DINetworkManager;
			productReference = DEC97CE02B4F60BA0059F398 /* DINetworkManager.app */;
			productType = "com.apple.product-type.application";
		};
/* End PBXNativeTarget section */

/* Begin PBXProject section */
		DEC97CD82B4F60BA0059F398 /* Project object */ = {
			isa = PBXProject;
			attributes = {
				BuildIndependentTargetsInParallel = 1;
				LastSwiftUpdateCheck = 1520;
				LastUpgradeCheck = 1520;
				TargetAttributes = {
					DEC97CDF2B4F60BA0059F398 = {
						CreatedOnToolsVersion = 15.2;
					};
				};
			};
			buildConfigurationList = DEC97CDB2B4F60BA0059F398 /* Build configuration list for PBXProject "DINetworkManager" */;
			compatibilityVersion = "Xcode 14.0";
			developmentRegion = en;
			hasScannedForEncodings = 0;
			knownRegions = (
				en,
				Base,
			);
			mainGroup = DEC97CD72B4F60BA0059F398;
			packageReferences = (
				DEC97CFB2B4F60E70059F398 /* XCRemoteSwiftPackageReference "Alamofire" */,
			);
			productRefGroup = DEC97CE12B4F60BA0059F398 /* Products */;
			projectDirPath = "";
			projectRoot = "";
			targets = (
				DEC97CDF2B4F60BA0059F398 /* DINetworkManager */,
			);
		};
/* End PBXProject section */

/* Begin PBXResourcesBuildPhase section */
		DEC97CDE2B4F60BA0059F398 /* Resources */ = {
			isa = PBXResourcesBuildPhase;
			buildActionMask = 2147483647;
			files = (
				DEC97CEB2B4F60BB0059F398 /* Preview Assets.xcassets in Resources */,
				DEC97CE82B4F60BB0059F398 /* Assets.xcassets in Resources */,
			);
			runOnlyForDeploymentPostprocessing = 0;
		};
/* End PBXResourcesBuildPhase section */

/* Begin PBXSourcesBuildPhase section */
		DEC97CDC2B4F60BA0059F398 /* Sources */ = {
			isa = PBXSourcesBuildPhase;
			buildActionMask = 2147483647;
			files = (
				DEC97CE62B4F60BA0059F398 /* ContentView.swift in Sources */,
				DEC97D092B4F616B0059F398 /* UserViewModel.swift in Sources */,
				DE5F53132B502CF40009C443 /* PostApiService.swift in Sources */,
				DEC97CFF2B4F61520059F398 /* UserListView.swift in Sources */,
				DEC97CE42B4F60BA0059F398 /* DINetworkManagerApp.swift in Sources */,
				DEC97D072B4F61670059F398 /* URLSessionApiService.swift in Sources */,
				DEC97D0B2B4F616D0059F398 /* User.swift in Sources */,
				DEC97D012B4F615B0059F398 /* Contants.swift in Sources */,
				DE4A1EDD2B50327600C198BC /* ApiServiceProtocol.swift in Sources */,
				DEC97D032B4F61600059F398 /* AlamofireApiService.swift in Sources */,
				DEC97D052B4F61630059F398 /* UserApiService.swift in Sources */,
				DE5F53112B502CB40009C443 /* Post.swift in Sources */,
			);
			runOnlyForDeploymentPostprocessing = 0;
		};
/* End PBXSourcesBuildPhase section */

/* Begin XCBuildConfiguration section */
		DEC97CEC2B4F60BB0059F398 /* Debug */ = {
			isa = XCBuildConfiguration;
			buildSettings = {
				ALWAYS_SEARCH_USER_PATHS = NO;
				ASSETCATALOG_COMPILER_GENERATE_SWIFT_ASSET_SYMBOL_EXTENSIONS = YES;
				CLANG_ANALYZER_NONNULL = YES;
				CLANG_ANALYZER_NUMBER_OBJECT_CONVERSION = YES_AGGRESSIVE;
				CLANG_CXX_LANGUAGE_STANDARD = "gnu++20";
				CLANG_ENABLE_MODULES = YES;
				CLANG_ENABLE_OBJC_ARC = YES;
				CLANG_ENABLE_OBJC_WEAK = YES;
				CLANG_WARN_BLOCK_CAPTURE_AUTORELEASING = YES;
				CLANG_WARN_BOOL_CONVERSION = YES;
				CLANG_WARN_COMMA = YES;
				CLANG_WARN_CONSTANT_CONVERSION = YES;
				CLANG_WARN_DEPRECATED_OBJC_IMPLEMENTATIONS = YES;
				CLANG_WARN_DIRECT_OBJC_ISA_USAGE = YES_ERROR;
				CLANG_WARN_DOCUMENTATION_COMMENTS = YES;
				CLANG_WARN_EMPTY_BODY = YES;
				CLANG_WARN_ENUM_CONVERSION = YES;
				CLANG_WARN_INFINITE_RECURSION = YES;
				CLANG_WARN_INT_CONVERSION = YES;
				CLANG_WARN_NON_LITERAL_NULL_CONVERSION = YES;
				CLANG_WARN_OBJC_IMPLICIT_RETAIN_SELF = YES;
				CLANG_WARN_OBJC_LITERAL_CONVERSION = YES;
				CLANG_WARN_OBJC_ROOT_CLASS = YES_ERROR;
				CLANG_WARN_QUOTED_INCLUDE_IN_FRAMEWORK_HEADER = YES;
				CLANG_WARN_RANGE_LOOP_ANALYSIS = YES;
				CLANG_WARN_STRICT_PROTOTYPES = YES;
				CLANG_WARN_SUSPICIOUS_MOVE = YES;
				CLANG_WARN_UNGUARDED_AVAILABILITY = YES_AGGRESSIVE;
				CLANG_WARN_UNREACHABLE_CODE = YES;
				CLANG_WARN__DUPLICATE_METHOD_MATCH = YES;
				COPY_PHASE_STRIP = NO;
				DEBUG_INFORMATION_FORMAT = dwarf;
				ENABLE_STRICT_OBJC_MSGSEND = YES;
				ENABLE_TESTABILITY = YES;
				ENABLE_USER_SCRIPT_SANDBOXING = YES;
				GCC_C_LANGUAGE_STANDARD = gnu17;
				GCC_DYNAMIC_NO_PIC = NO;
				GCC_NO_COMMON_BLOCKS = YES;
				GCC_OPTIMIZATION_LEVEL = 0;
				GCC_PREPROCESSOR_DEFINITIONS = (
					"DEBUG=1",
					"$(inherited)",
				);
				GCC_WARN_64_TO_32_BIT_CONVERSION = YES;
				GCC_WARN_ABOUT_RETURN_TYPE = YES_ERROR;
				GCC_WARN_UNDECLARED_SELECTOR = YES;
				GCC_WARN_UNINITIALIZED_AUTOS = YES_AGGRESSIVE;
				GCC_WARN_UNUSED_FUNCTION = YES;
				GCC_WARN_UNUSED_VARIABLE = YES;
				IPHONEOS_DEPLOYMENT_TARGET = 17.2;
				LOCALIZATION_PREFERS_STRING_CATALOGS = YES;
				MTL_ENABLE_DEBUG_INFO = INCLUDE_SOURCE;
				MTL_FAST_MATH = YES;
				ONLY_ACTIVE_ARCH = YES;
				SDKROOT = iphoneos;
				SWIFT_ACTIVE_COMPILATION_CONDITIONS = "DEBUG $(inherited)";
				SWIFT_OPTIMIZATION_LEVEL = "-Onone";
			};
			name = Debug;
		};
		DEC97CED2B4F60BB0059F398 /* Release */ = {
			isa = XCBuildConfiguration;
			buildSettings = {
				ALWAYS_SEARCH_USER_PATHS = NO;
				ASSETCATALOG_COMPILER_GENERATE_SWIFT_ASSET_SYMBOL_EXTENSIONS = YES;
				CLANG_ANALYZER_NONNULL = YES;
				CLANG_ANALYZER_NUMBER_OBJECT_CONVERSION = YES_AGGRESSIVE;
				CLANG_CXX_LANGUAGE_STANDARD = "gnu++20";
				CLANG_ENABLE_MODULES = YES;
				CLANG_ENABLE_OBJC_ARC = YES;
				CLANG_ENABLE_OBJC_WEAK = YES;
				CLANG_WARN_BLOCK_CAPTURE_AUTORELEASING = YES;
				CLANG_WARN_BOOL_CONVERSION = YES;
				CLANG_WARN_COMMA = YES;
				CLANG_WARN_CONSTANT_CONVERSION = YES;
				CLANG_WARN_DEPRECATED_OBJC_IMPLEMENTATIONS = YES;
				CLANG_WARN_DIRECT_OBJC_ISA_USAGE = YES_ERROR;
				CLANG_WARN_DOCUMENTATION_COMMENTS = YES;
				CLANG_WARN_EMPTY_BODY = YES;
				CLANG_WARN_ENUM_CONVERSION = YES;
				CLANG_WARN_INFINITE_RECURSION = YES;
				CLANG_WARN_INT_CONVERSION = YES;
				CLANG_WARN_NON_LITERAL_NULL_CONVERSION = YES;
				CLANG_WARN_OBJC_IMPLICIT_RETAIN_SELF = YES;
				CLANG_WARN_OBJC_LITERAL_CONVERSION = YES;
				CLANG_WARN_OBJC_ROOT_CLASS = YES_ERROR;
				CLANG_WARN_QUOTED_INCLUDE_IN_FRAMEWORK_HEADER = YES;
				CLANG_WARN_RANGE_LOOP_ANALYSIS = YES;
				CLANG_WARN_STRICT_PROTOTYPES = YES;
				CLANG_WARN_SUSPICIOUS_MOVE = YES;
				CLANG_WARN_UNGUARDED_AVAILABILITY = YES_AGGRESSIVE;
				CLANG_WARN_UNREACHABLE_CODE = YES;
				CLANG_WARN__DUPLICATE_METHOD_MATCH = YES;
				COPY_PHASE_STRIP = NO;
				DEBUG_INFORMATION_FORMAT = "dwarf-with-dsym";
				ENABLE_NS_ASSERTIONS = NO;
				ENABLE_STRICT_OBJC_MSGSEND = YES;
				ENABLE_USER_SCRIPT_SANDBOXING = YES;
				GCC_C_LANGUAGE_STANDARD = gnu17;
				GCC_NO_COMMON_BLOCKS = YES;
				GCC_WARN_64_TO_32_BIT_CONVERSION = YES;
				GCC_WARN_ABOUT_RETURN_TYPE = YES_ERROR;
				GCC_WARN_UNDECLARED_SELECTOR = YES;
				GCC_WARN_UNINITIALIZED_AUTOS = YES_AGGRESSIVE;
				GCC_WARN_UNUSED_FUNCTION = YES;
				GCC_WARN_UNUSED_VARIABLE = YES;
				IPHONEOS_DEPLOYMENT_TARGET = 17.2;
				LOCALIZATION_PREFERS_STRING_CATALOGS = YES;
				MTL_ENABLE_DEBUG_INFO = NO;
				MTL_FAST_MATH = YES;
				SDKROOT = iphoneos;
				SWIFT_COMPILATION_MODE = wholemodule;
				VALIDATE_PRODUCT = YES;
			};
			name = Release;
		};
		DEC97CEF2B4F60BB0059F398 /* Debug */ = {
			isa = XCBuildConfiguration;
			buildSettings = {
				ASSETCATALOG_COMPILER_APPICON_NAME = AppIcon;
				ASSETCATALOG_COMPILER_GLOBAL_ACCENT_COLOR_NAME = AccentColor;
				CODE_SIGN_STYLE = Automatic;
				CURRENT_PROJECT_VERSION = 1;
				DEVELOPMENT_ASSET_PATHS = "\"DINetworkManager/Resources/Preview Content\"";
				DEVELOPMENT_TEAM = 5RM3B24YU6;
				ENABLE_PREVIEWS = YES;
				GENERATE_INFOPLIST_FILE = YES;
				INFOPLIST_KEY_UIApplicationSceneManifest_Generation = YES;
				INFOPLIST_KEY_UIApplicationSupportsIndirectInputEvents = YES;
				INFOPLIST_KEY_UILaunchScreen_Generation = YES;
				INFOPLIST_KEY_UISupportedInterfaceOrientations_iPad = "UIInterfaceOrientationPortrait UIInterfaceOrientationPortraitUpsideDown UIInterfaceOrientationLandscapeLeft UIInterfaceOrientationLandscapeRight";
				INFOPLIST_KEY_UISupportedInterfaceOrientations_iPhone = "UIInterfaceOrientationPortrait UIInterfaceOrientationLandscapeLeft UIInterfaceOrientationLandscapeRight";
				LD_RUNPATH_SEARCH_PATHS = (
					"$(inherited)",
					"@executable_path/Frameworks",
				);
				MARKETING_VERSION = 1.0;
				PRODUCT_BUNDLE_IDENTIFIER = com.yuumamobile.DINetworkManager;
				PRODUCT_NAME = "$(TARGET_NAME)";
				SWIFT_EMIT_LOC_STRINGS = YES;
				SWIFT_VERSION = 5.0;
				TARGETED_DEVICE_FAMILY = "1,2";
			};
			name = Debug;
		};
		DEC97CF02B4F60BB0059F398 /* Release */ = {
			isa = XCBuildConfiguration;
			buildSettings = {
				ASSETCATALOG_COMPILER_APPICON_NAME = AppIcon;
				ASSETCATALOG_COMPILER_GLOBAL_ACCENT_COLOR_NAME = AccentColor;
				CODE_SIGN_STYLE = Automatic;
				CURRENT_PROJECT_VERSION = 1;
				DEVELOPMENT_ASSET_PATHS = "\"DINetworkManager/Resources/Preview Content\"";
				DEVELOPMENT_TEAM = 5RM3B24YU6;
				ENABLE_PREVIEWS = YES;
				GENERATE_INFOPLIST_FILE = YES;
				INFOPLIST_KEY_UIApplicationSceneManifest_Generation = YES;
				INFOPLIST_KEY_UIApplicationSupportsIndirectInputEvents = YES;
				INFOPLIST_KEY_UILaunchScreen_Generation = YES;
				INFOPLIST_KEY_UISupportedInterfaceOrientations_iPad = "UIInterfaceOrientationPortrait UIInterfaceOrientationPortraitUpsideDown UIInterfaceOrientationLandscapeLeft UIInterfaceOrientationLandscapeRight";
				INFOPLIST_KEY_UISupportedInterfaceOrientations_iPhone = "UIInterfaceOrientationPortrait UIInterfaceOrientationLandscapeLeft UIInterfaceOrientationLandscapeRight";
				LD_RUNPATH_SEARCH_PATHS = (
					"$(inherited)",
					"@executable_path/Frameworks",
				);
				MARKETING_VERSION = 1.0;
				PRODUCT_BUNDLE_IDENTIFIER = com.yuumamobile.DINetworkManager;
				PRODUCT_NAME = "$(TARGET_NAME)";
				SWIFT_EMIT_LOC_STRINGS = YES;
				SWIFT_VERSION = 5.0;
				TARGETED_DEVICE_FAMILY = "1,2";
			};
			name = Release;
		};
/* End XCBuildConfiguration section */

/* Begin XCConfigurationList section */
		DEC97CDB2B4F60BA0059F398 /* Build configuration list for PBXProject "DINetworkManager" */ = {
			isa = XCConfigurationList;
			buildConfigurations = (
				DEC97CEC2B4F60BB0059F398 /* Debug */,
				DEC97CED2B4F60BB0059F398 /* Release */,
			);
			defaultConfigurationIsVisible = 0;
			defaultConfigurationName = Release;
		};
		DEC97CEE2B4F60BB0059F398 /* Build configuration list for PBXNativeTarget "DINetworkManager" */ = {
			isa = XCConfigurationList;
			buildConfigurations = (
				DEC97CEF2B4F60BB0059F398 /* Debug */,
				DEC97CF02B4F60BB0059F398 /* Release */,
			);
			defaultConfigurationIsVisible = 0;
			defaultConfigurationName = Release;
		};
/* End XCConfigurationList section */

/* Begin XCRemoteSwiftPackageReference section */
		DEC97CFB2B4F60E70059F398 /* XCRemoteSwiftPackageReference "Alamofire" */ = {
			isa = XCRemoteSwiftPackageReference;
			repositoryURL = "https://github.com/Alamofire/Alamofire.git";
			requirement = {
				kind = upToNextMajorVersion;
				minimumVersion = 5.8.1;
			};
		};
/* End XCRemoteSwiftPackageReference section */

/* Begin XCSwiftPackageProductDependency section */
		DEC97CFC2B4F60E70059F398 /* Alamofire */ = {
			isa = XCSwiftPackageProductDependency;
			package = DEC97CFB2B4F60E70059F398 /* XCRemoteSwiftPackageReference "Alamofire" */;
			productName = Alamofire;
		};
/* End XCSwiftPackageProductDependency section */
	};
	rootObject = DEC97CD82B4F60BA0059F398 /* Project object */;
}
